Microsoft Visual Studio Solution File, Format Version 12.00
# Visual Studio Version 17
VisualStudioVersion = 17.5.2.0
MinimumVisualStudioVersion = 10.0.40219.1
Project("{FAE04EC0-301F-11D3-BF4B-00C04F79EFBC}") = "salary-manager-cs", "salary-manager-cs.csproj", "{0AB75897-196A-84AF-8218-AB8B15B758D7}"
EndProject
Global
	GlobalSection(SolutionConfigurationPlatforms) = preSolution
		Debug|Any CPU = Debug|Any CPU
		Release|Any CPU = Release|Any CPU
	EndGlobalSection
	GlobalSection(ProjectConfigurationPlatforms) = postSolution
		{0AB75897-196A-84AF-8218-AB8B15B758D7}.Debug|Any CPU.ActiveCfg = Debug|Any CPU
		{0AB75897-196A-84AF-8218-AB8B15B758D7}.Debug|Any CPU.Build.0 = Debug|Any CPU
		{0AB75897-196A-84AF-8218-AB8B15B758D7}.Release|Any CPU.ActiveCfg = Release|Any CPU
		{0AB75897-196A-84AF-8218-AB8B15B758D7}.Release|Any CPU.Build.0 = Release|Any CPU
	EndGlobalSection
	GlobalSection(SolutionProperties) = preSolution
		HideSolutionNode = FALSE
	EndGlobalSection
	GlobalSection(ExtensibilityGlobals) = postSolution
		SolutionGuid = {6FA936CA-3687-46D5-A46A-1D5B95CA54D3}
	EndGlobalSection
EndGlobal
